{
  "name": "enlightnu-quote",
  "lockfileVersion": 2,
  "requires": true,
  "packages": {
    "": {
      "dependencies": {
        "uglify-js": "^3.13.6",
        "uglifyjs": "^2.4.11"
      }
    },
    "node_modules/uglify-js": {
      "version": "3.13.6",
      "resolved": "https://registry.npmjs.org/uglify-js/-/uglify-js-3.13.6.tgz",
      "integrity": "sha512-rRprLwl8RVaS+Qvx3Wh5hPfPBn9++G6xkGlUupya0s5aDmNjI7z3lnRLB3u7sN4OmbB0pWgzhM9BEJyiWAwtAA==",
      "bin": {
        "uglifyjs": "bin/uglifyjs"
      },
      "engines": {
        "node": ">=0.8.0"
      }
    },
    "node_modules/uglifyjs": {
      "version": "2.4.11",
      "resolved": "https://registry.npmjs.org/uglifyjs/-/uglifyjs-2.4.11.tgz",
      "integrity": "sha1-NEDWTgRXWViVJEGOtkHGi7kNET4=",
      "deprecated": "uglifyjs is deprecated - use uglify-js instead."
    }
  },
  "dependencies": {
    "uglify-js": {
      "version": "3.13.6",
      "resolved": "https://registry.npmjs.org/uglify-js/-/uglify-js-3.13.6.tgz",
      "integrity": "sha512-rRprLwl8RVaS+Qvx3Wh5hPfPBn9++G6xkGlUupya0s5aDmNjI7z3lnRLB3u7sN4OmbB0pWgzhM9BEJyiWAwtAA=="
    },
    "uglifyjs": {
      "version": "2.4.11",
      "resolved": "https://registry.npmjs.org/uglifyjs/-/uglifyjs-2.4.11.tgz",
      "integrity": "sha1-NEDWTgRXWViVJEGOtkHGi7kNET4="
    }
  }
}
